
Microsoft Visual Studio Solution File, Format Version 12.00
# Visual Studio Version 16
VisualStudioVersion = 16.0.30204.135
MinimumVisualStudioVersion = 10.0.40219.1
Project("{FAE04EC0-301F-11D3-BF4B-00C04F79EFBC}") = "3Dtrans", "3Dtrans.csproj", "{033C7A71-8C3F-4C08-A232-A6419170BFDB}"
EndProject
Global
	GlobalSection(SolutionConfigurationPlatforms) = preSolution
		Debug|Any CPU = Debug|Any CPU
		Release|Any CPU = Release|Any CPU
	EndGlobalSection
	GlobalSection(ProjectConfigurationPlatforms) = postSolution
		{033C7A71-8C3F-4C08-A232-A6419170BFDB}.Debug|Any CPU.ActiveCfg = Debug|Any CPU
		{033C7A71-8C3F-4C08-A232-A6419170BFDB}.Debug|Any CPU.Build.0 = Debug|Any CPU
		{033C7A71-8C3F-4C08-A232-A6419170BFDB}.Release|Any CPU.ActiveCfg = Release|Any CPU
		{033C7A71-8C3F-4C08-A232-A6419170BFDB}.Release|Any CPU.Build.0 = Release|Any CPU
	EndGlobalSection
	GlobalSection(SolutionProperties) = preSolution
		HideSolutionNode = FALSE
	EndGlobalSection
	GlobalSection(ExtensibilityGlobals) = postSolution
		SolutionGuid = {0D9EB1A9-8A65-4AA7-AA61-6314028AEAE6}
	EndGlobalSection
EndGlobal
